
Microsoft Visual Studio Solution File, Format Version 11.00
# Visual Studio 2010
Project("{8BC9CEB8-8B4A-11D0-8D11-00A0C91BC942}") = "SolarBeam_CRIO_Module", "SolarBeam_CRIO_Module.vcxproj", "{22111E87-C650-437E-AFA6-150B1FFE9B0C}"
EndProject
Project("{8BC9CEB8-8B4A-11D0-8D11-00A0C91BC942}") = "SolarBeam_CRIO_Module_TestBench", "..\SolarBeam_CRIO_Module_TestBench\SolarBeam_CRIO_Module_TestBench.vcxproj", "{26CA502E-4A2E-44E3-A4E8-EF8585F7E41F}"
EndProject
Global
	GlobalSection(SolutionConfigurationPlatforms) = preSolution
		Debug|Win32 = Debug|Win32
		Release|Win32 = Release|Win32
	EndGlobalSection
	GlobalSection(ProjectConfigurationPlatforms) = postSolution
		{22111E87-C650-437E-AFA6-150B1FFE9B0C}.Debug|Win32.ActiveCfg = Debug|Win32
		{22111E87-C650-437E-AFA6-150B1FFE9B0C}.Debug|Win32.Build.0 = Debug|Win32
		{22111E87-C650-437E-AFA6-150B1FFE9B0C}.Release|Win32.ActiveCfg = Release|Win32
		{22111E87-C650-437E-AFA6-150B1FFE9B0C}.Release|Win32.Build.0 = Release|Win32
		{26CA502E-4A2E-44E3-A4E8-EF8585F7E41F}.Debug|Win32.ActiveCfg = Debug|Win32
		{26CA502E-4A2E-44E3-A4E8-EF8585F7E41F}.Debug|Win32.Build.0 = Debug|Win32
		{26CA502E-4A2E-44E3-A4E8-EF8585F7E41F}.Release|Win32.ActiveCfg = Release|Win32
		{26CA502E-4A2E-44E3-A4E8-EF8585F7E41F}.Release|Win32.Build.0 = Release|Win32
	EndGlobalSection
	GlobalSection(SolutionProperties) = preSolution
		HideSolutionNode = FALSE
	EndGlobalSection
EndGlobal
